{
  "name": "charm_dom",
  "version": "0.3.3",
  "lockfileVersion": 1,
  "requires": true,
  "dependencies": {
    "gen_rand_value": {
      "version": "0.0.1",
      "resolved": "https://registry.npmjs.org/gen_rand_value/-/gen_rand_value-0.0.1.tgz",
      "integrity": "sha512-T2OUoL5V2zB+Pzf71jgN7lFqFbpu1qE7XHj5K/hpL+xMBuicxaE0hOy2zCGz81L/Do26Bg1WZS3l6vYq7H5xFw=="
    },
    "very_global": {
      "version": "0.0.3",
      "resolved": "https://registry.npmjs.org/very_global/-/very_global-0.0.3.tgz",
      "integrity": "sha512-cR6Pw1MAvDjzqxu2FWBpXHDV28RTGDZkawh1j8nFdPWQ6YnM2I2NcSHjXQ/GVU7SY6R/QBewuSP/CAegXjcEVQ=="
    }
  }
}
